
Microsoft Visual Studio Solution File, Format Version 12.00
# Visual Studio Version 17
VisualStudioVersion = 17.3.32825.248
MinimumVisualStudioVersion = 10.0.40219.1
Project("{FAE04EC0-301F-11D3-BF4B-00C04F79EFBC}") = "L1_ImageProcessing", "L1_ImageProcessing\L1_ImageProcessing.csproj", "{C2115804-857F-44D0-94B4-DBBCA05D39B1}"
EndProject
Global
	GlobalSection(SolutionConfigurationPlatforms) = preSolution
		Debug|Any CPU = Debug|Any CPU
		Release|Any CPU = Release|Any CPU
	EndGlobalSection
	GlobalSection(ProjectConfigurationPlatforms) = postSolution
		{C2115804-857F-44D0-94B4-DBBCA05D39B1}.Debug|Any CPU.ActiveCfg = Debug|Any CPU
		{C2115804-857F-44D0-94B4-DBBCA05D39B1}.Debug|Any CPU.Build.0 = Debug|Any CPU
		{C2115804-857F-44D0-94B4-DBBCA05D39B1}.Release|Any CPU.ActiveCfg = Release|Any CPU
		{C2115804-857F-44D0-94B4-DBBCA05D39B1}.Release|Any CPU.Build.0 = Release|Any CPU
	EndGlobalSection
	GlobalSection(SolutionProperties) = preSolution
		HideSolutionNode = FALSE
	EndGlobalSection
	GlobalSection(ExtensibilityGlobals) = postSolution
		SolutionGuid = {03500D36-1387-422E-AFC5-3633AF5AAAD5}
	EndGlobalSection
EndGlobal
